{
  "name": "@dreamlab-worlds/synctest",
  "lockfileVersion": 3,
  "requires": true,
  "packages": {
    "": {
      "name": "@dreamlab-worlds/synctest",
      "devDependencies": {
        "@dreamlab.gg/core": "^0.0.43",
        "matter-js": "^0.19.0",
        "pixi.js": "^7.3.1",
        "prettier": "^3.0.3"
      }
    },
    "node_modules/@dreamlab.gg/core": {
      "version": "0.0.43",
      "resolved": "https://registry.npmjs.org/@dreamlab.gg/core/-/core-0.0.43.tgz",
      "integrity": "sha512-iFntW2U5uDJyonnQ9ockeFYslEiOApSmLgdt2ihHYonDxB+v5zlBkcfe+kCJDkoRNf/0RvN78koHoKI7+Rb2Jg==",
      "dev": true,
      "dependencies": {
        "@paralleldrive/cuid2": "^2.2.2",
        "buffer": "^6.0.3",
        "eventemitter3": "^5.0.1",
        "fast-deep-equal": "^3.1.3",
        "matter-js": "^0.19.0",
        "pako": "^2.1.0",
        "pixi.js": "^7.3.1",
        "poly-decomp-es": "^0.4.2",
        "type-fest": "^4.4.0",
        "zod": "^3.22.4"
      }
    },
    "node_modules/@noble/hashes": {
      "version": "1.3.2",
      "resolved": "https://registry.npmjs.org/@noble/hashes/-/hashes-1.3.2.tgz",
      "integrity": "sha512-MVC8EAQp7MvEcm30KWENFjgR+Mkmf+D189XJTkFIlwohU5hcBbn1ZkKq7KVTi2Hme3PMGF390DaL52beVrIihQ==",
      "dev": true,
      "engines": {
        "node": ">= 16"
      },
      "funding": {
        "url": "https://paulmillr.com/funding/"
      }
    },
    "node_modules/@paralleldrive/cuid2": {
      "version": "2.2.2",
      "resolved": "https://registry.npmjs.org/@paralleldrive/cuid2/-/cuid2-2.2.2.tgz",
      "integrity": "sha512-ZOBkgDwEdoYVlSeRbYYXs0S9MejQofiVYoTbKzy/6GQa39/q5tQU2IX46+shYnUkpEl3wc+J6wRlar7r2EK2xA==",
      "dev": true,
      "dependencies": {
        "@noble/hashes": "^1.1.5"
      }
    },
    "node_modules/@pixi/accessibility": {
      "version": "7.3.1",
      "resolved": "https://registry.npmjs.org/@pixi/accessibility/-/accessibility-7.3.1.tgz",
      "integrity": "sha512-7+XqUbVIRKvZQOuzQkt5vGpaDIBMorK5Sa+y9exu7nYDPCYlPdVoQeiQL7v2PtUxqkrgn28faNn8OqY8MhcqrQ==",
      "dev": true,
      "peerDependencies": {
        "@pixi/core": "7.3.1",
        "@pixi/display": "7.3.1",
        "@pixi/events": "7.3.1"
      }
    },
    "node_modules/@pixi/app": {
      "version": "7.3.1",
      "resolved": "https://registry.npmjs.org/@pixi/app/-/app-7.3.1.tgz",
      "integrity": "sha512-pQG/IIgsQLXmB/Y+qeS6g/VBF824XiCKtypgYVtdg+hwKdVN4aVhayBtvFBmxz+abRBXUdHSUhBG80haPXEtCQ==",
      "dev": true,
      "peerDependencies": {
        "@pixi/core": "7.3.1",
        "@pixi/display": "7.3.1"
      }
    },
    "node_modules/@pixi/assets": {
      "version": "7.3.1",
      "resolved": "https://registry.npmjs.org/@pixi/assets/-/assets-7.3.1.tgz",
      "integrity": "sha512-BACPZkm5ptkqXpdHvV0tdAzsVR9t9iQROa5K4OOGkyHUZhLFcoSPFu3Vfa77rzgo3xtTK+HTw3qABibr3RBcVw==",
      "dev": true,
      "dependencies": {
        "@types/css-font-loading-module": "^0.0.7"
      },
      "peerDependencies": {
        "@pixi/core": "7.3.1",
        "@pixi/utils": "7.3.1"
      }
    },
    "node_modules/@pixi/color": {
      "version": "7.3.1",
      "resolved": "https://registry.npmjs.org/@pixi/color/-/color-7.3.1.tgz",
      "integrity": "sha512-qxDy9iEUbhR+n5zDBUUeWx9aReaELpjjP0BVneHNQxLELpx3sVxCHBXjnKe5ZTGtZsJOkD5ji7gDBfwFlUurBw==",
      "dev": true,
      "dependencies": {
        "@pixi/colord": "^2.9.4"
      }
    },
    "node_modules/@pixi/colord": {
      "version": "2.9.6",
      "resolved": "https://registry.npmjs.org/@pixi/colord/-/colord-2.9.6.tgz",
      "integrity": "sha512-nezytU2pw587fQstUu1AsJZDVEynjskwOL+kibwcdxsMBFqPsFFNA7xl0ii/gXuDi6M0xj3mfRJj8pBSc2jCfA==",
      "dev": true
    },
    "node_modules/@pixi/compressed-textures": {
      "version": "7.3.1",
      "resolved": "https://registry.npmjs.org/@pixi/compressed-textures/-/compressed-textures-7.3.1.tgz",
      "integrity": "sha512-1zH6vDR1+xnYaaDpno8zGkTNT/itP9J8d+dfFcKPUmzeqpm8batPkY5O7NtJ8SrQSN0UwJb+X7gFwK8LwVgKWQ==",
      "dev": true,
      "peerDependencies": {
        "@pixi/assets": "7.3.1",
        "@pixi/core": "7.3.1"
      }
    },
    "node_modules/@pixi/constants": {
      "version": "7.3.1",
      "resolved": "https://registry.npmjs.org/@pixi/constants/-/constants-7.3.1.tgz",
      "integrity": "sha512-Xq8tyUcVwpkPge9XGMZl9gzzNdNuKmjmxulJ9jNk9Zbf2QPVunn21WWZYBl4TO0mleUhT8wNnbXXn5CAbMgwFA==",
      "dev": true
    },
    "node_modules/@pixi/core": {
      "version": "7.3.1",
      "resolved": "https://registry.npmjs.org/@pixi/core/-/core-7.3.1.tgz",
      "integrity": "sha512-LEASg6x2wp46y2WmN227K8X3vQKU0KxflrYGgj/o573OYSpEJkmY0WMoEInTUXmhCVLOHPcnBde5YDu0JmKsjQ==",
      "dev": true,
      "dependencies": {
        "@pixi/color": "7.3.1",
        "@pixi/constants": "7.3.1",
        "@pixi/extensions": "7.3.1",
        "@pixi/math": "7.3.1",
        "@pixi/runner": "7.3.1",
        "@pixi/settings": "7.3.1",
        "@pixi/ticker": "7.3.1",
        "@pixi/utils": "7.3.1",
        "@types/offscreencanvas": "^2019.6.4"
      },
      "funding": {
        "type": "opencollective",
        "url": "https://opencollective.com/pixijs"
      }
    },
    "node_modules/@pixi/display": {
      "version": "7.3.1",
      "resolved": "https://registry.npmjs.org/@pixi/display/-/display-7.3.1.tgz",
      "integrity": "sha512-FzVsEuR9mmi8G+3HytrnKpcO9By04gJhNrYnMY6pLWwXE6MzuEtC7QYobtN1UIUp4Zs73O6lmdZtWOYqrdjgGw==",
      "dev": true,
      "peerDependencies": {
        "@pixi/core": "7.3.1"
      }
    },
    "node_modules/@pixi/events": {
      "version": "7.3.1",
      "resolved": "https://registry.npmjs.org/@pixi/events/-/events-7.3.1.tgz",
      "integrity": "sha512-L6MSeFnLo3z/pQMCLGbwp5szp1+26YoZ50De2pT6hMuPGtMtio89IkFU07G1jNuiGhJsPMw4Zn9H71KiZp+X1A==",
      "dev": true,
      "peerDependencies": {
        "@pixi/core": "7.3.1",
        "@pixi/display": "7.3.1"
      }
    },
    "node_modules/@pixi/extensions": {
      "version": "7.3.1",
      "resolved": "https://registry.npmjs.org/@pixi/extensions/-/extensions-7.3.1.tgz",
      "integrity": "sha512-KiM1uXnNQ6yjJ/8gYuqBVZxw1CPH0LRoUvnOWXrHXm74somNtJdxnEliq3zagGpyxjmiHHJmI0Y9gnXrhzVU4Q==",
      "dev": true
    },
    "node_modules/@pixi/extract": {
      "version": "7.3.1",
      "resolved": "https://registry.npmjs.org/@pixi/extract/-/extract-7.3.1.tgz",
      "integrity": "sha512-kuB2gi5JHdBK0WOvvbKZiVQkQFqRZehJlDbZaiaWcgb9G9B/8M/V+fodXS/WsmTNxOegN98igkSTpD2k1dYPnA==",
      "dev": true,
      "peerDependencies": {
        "@pixi/core": "7.3.1"
      }
    },
    "node_modules/@pixi/filter-alpha": {
      "version": "7.3.1",
      "resolved": "https://registry.npmjs.org/@pixi/filter-alpha/-/filter-alpha-7.3.1.tgz",
      "integrity": "sha512-6vTUFnqLuPGFgG5/ODuNcmZNmsykWo/sMR4jBekeINGoVHs3Min0nQE4t/zk2xtg7UA1reI8SQzcVhBqp8g7GQ==",
      "dev": true,
      "peerDependencies": {
        "@pixi/core": "7.3.1"
      }
    },
    "node_modules/@pixi/filter-blur": {
      "version": "7.3.1",
      "resolved": "https://registry.npmjs.org/@pixi/filter-blur/-/filter-blur-7.3.1.tgz",
      "integrity": "sha512-aRK7CfKh/tnCbXS3um9LKjiQ1TOsFTPfI+OOOxcaQyZK9qs4GinnhZ2HCoq5OAcMnjMAWhvi60ssKJsP8505zw==",
      "dev": true,
      "peerDependencies": {
        "@pixi/core": "7.3.1"
      }
    },
    "node_modules/@pixi/filter-color-matrix": {
      "version": "7.3.1",
      "resolved": "https://registry.npmjs.org/@pixi/filter-color-matrix/-/filter-color-matrix-7.3.1.tgz",
      "integrity": "sha512-XcVyWbk91QbTpzyIV/+nQlJxsgU3QO/rOTlota18aHB4EF8ptYyVeRgIv1YXi+UxcWRE/MpWbeUVLaJG9buELA==",
      "dev": true,
      "peerDependencies": {
        "@pixi/core": "7.3.1"
      }
    },
    "node_modules/@pixi/filter-displacement": {
      "version": "7.3.1",
      "resolved": "https://registry.npmjs.org/@pixi/filter-displacement/-/filter-displacement-7.3.1.tgz",
      "integrity": "sha512-XrjBJcWvNxy/LlNZU6vLghUzG9kqMAM6xAIOzFm7CPwr+3Av32fyBp2l6FUYgoZMgb+4+Rxv8mPnUyX4gFMqLw==",
      "dev": true,
      "peerDependencies": {
        "@pixi/core": "7.3.1"
      }
    },
    "node_modules/@pixi/filter-fxaa": {
      "version": "7.3.1",
      "resolved": "https://registry.npmjs.org/@pixi/filter-fxaa/-/filter-fxaa-7.3.1.tgz",
      "integrity": "sha512-ZL3kjIkMm29+G8AOuxDDo2VrqeJEBw6zloDDerUq71NRsyIUWJEdscdiVUDytL1/JqZwxdHEvzDNG6IF3P1VFg==",
      "dev": true,
      "peerDependencies": {
        "@pixi/core": "7.3.1"
      }
    },
    "node_modules/@pixi/filter-noise": {
      "version": "7.3.1",
      "resolved": "https://registry.npmjs.org/@pixi/filter-noise/-/filter-noise-7.3.1.tgz",
      "integrity": "sha512-eORqa7Rn3OxZlrrF4J59VPHHgiHe+cukPQ2Wp24Q0XuYoBZrnPow5SDDwtwIfCXQg68LPdiSpKdwkLJxsew8aw==",
      "dev": true,
      "peerDependencies": {
        "@pixi/core": "7.3.1"
      }
    },
    "node_modules/@pixi/graphics": {
      "version": "7.3.1",
      "resolved": "https://registry.npmjs.org/@pixi/graphics/-/graphics-7.3.1.tgz",
      "integrity": "sha512-e1GfhN0fCtq1VDPSgd7nm034ml79SqmP0+IqX3CoilfT7Qoy+IimEYZ4R50SczGBcUGE4egDRIFYv+TgdBuQ2g==",
      "dev": true,
      "peerDependencies": {
        "@pixi/core": "7.3.1",
        "@pixi/display": "7.3.1",
        "@pixi/sprite": "7.3.1"
      }
    },
    "node_modules/@pixi/math": {
      "version": "7.3.1",
      "resolved": "https://registry.npmjs.org/@pixi/math/-/math-7.3.1.tgz",
      "integrity": "sha512-kRTpac/3frRPMf8YRai3+2bFldgE7SwzGsLYjb4//QdeuY0WVaeSPJJKEVXZ/aBK/JgGO7Np75kwr7/2+qegSg==",
      "dev": true
    },
    "node_modules/@pixi/mesh": {
      "version": "7.3.1",
      "resolved": "https://registry.npmjs.org/@pixi/mesh/-/mesh-7.3.1.tgz",
      "integrity": "sha512-22b2++/UWURee2R++1PaY/zTh4UaN/ASg4DHcELI9OgM5qrxfnk3MrpdWTNyJPYWUTLlP8XYPGiwIbVPiiUNmA==",
      "dev": true,
      "peerDependencies": {
        "@pixi/core": "7.3.1",
        "@pixi/display": "7.3.1"
      }
    },
    "node_modules/@pixi/mesh-extras": {
      "version": "7.3.1",
      "resolved": "https://registry.npmjs.org/@pixi/mesh-extras/-/mesh-extras-7.3.1.tgz",
      "integrity": "sha512-xmK6c/cM5iDFqrg7NEjSH9i4Ieqsy9A9MWAFoIoPTph6HhCTZWNnRn6sdgLR9+6z5b8AmXujwarMBqdM7fXtvQ==",
      "dev": true,
      "peerDependencies": {
        "@pixi/core": "7.3.1",
        "@pixi/mesh": "7.3.1"
      }
    },
    "node_modules/@pixi/mixin-cache-as-bitmap": {
      "version": "7.3.1",
      "resolved": "https://registry.npmjs.org/@pixi/mixin-cache-as-bitmap/-/mixin-cache-as-bitmap-7.3.1.tgz",
      "integrity": "sha512-4GNr8qq0ZFqSVnIsfqlNI5cnCz1qL9kLhq+/SRf3JmPcwYolnS015HP5zhnG2nKU6pgeCz5KpQfxOYPytOlcKw==",
      "dev": true,
      "peerDependencies": {
        "@pixi/core": "7.3.1",
        "@pixi/display": "7.3.1",
        "@pixi/sprite": "7.3.1"
      }
    },
    "node_modules/@pixi/mixin-get-child-by-name": {
      "version": "7.3.1",
      "resolved": "https://registry.npmjs.org/@pixi/mixin-get-child-by-name/-/mixin-get-child-by-name-7.3.1.tgz",
      "integrity": "sha512-+2tArxvfjmbWW+/8sfn+qCtNy2kUCa1xPhyGjfgLwPBAOAghpmIXWa5YXXVVdUgE2+qw3aL5OyR2n/DL1Y5/6A==",
      "dev": true,
      "peerDependencies": {
        "@pixi/display": "7.3.1"
      }
    },
    "node_modules/@pixi/mixin-get-global-position": {
      "version": "7.3.1",
      "resolved": "https://registry.npmjs.org/@pixi/mixin-get-global-position/-/mixin-get-global-position-7.3.1.tgz",
      "integrity": "sha512-WcPxxj73u/c2AXaCd8umi9xipMllOg3Cl3LJ08Dx/EA0Ce1TNg6aTr+Apu696IZ5BiXcyyelSMaPnxu6cSdCcg==",
      "dev": true,
      "peerDependencies": {
        "@pixi/core": "7.3.1",
        "@pixi/display": "7.3.1"
      }
    },
    "node_modules/@pixi/particle-container": {
      "version": "7.3.1",
      "resolved": "https://registry.npmjs.org/@pixi/particle-container/-/particle-container-7.3.1.tgz",
      "integrity": "sha512-NNJph+0eZwqdrPTaxOTv7KhVjvBRi5Edrduv8orDKYcF47gOvlCzzQbKR1hvXDMkzWou18eQwO/OH/NIgQBgFA==",
      "dev": true,
      "peerDependencies": {
        "@pixi/core": "7.3.1",
        "@pixi/display": "7.3.1",
        "@pixi/sprite": "7.3.1"
      }
    },
    "node_modules/@pixi/prepare": {
      "version": "7.3.1",
      "resolved": "https://registry.npmjs.org/@pixi/prepare/-/prepare-7.3.1.tgz",
      "integrity": "sha512-8dCgtUWcOotD+Y649luzOUiReoSwc2WbT1DQcq9w47BvnbDrBzZQ5KxsIUqHXW70IcT+hShqHxt6KZavCHqdMQ==",
      "dev": true,
      "peerDependencies": {
        "@pixi/core": "7.3.1",
        "@pixi/display": "7.3.1",
        "@pixi/graphics": "7.3.1",
        "@pixi/text": "7.3.1"
      }
    },
    "node_modules/@pixi/runner": {
      "version": "7.3.1",
      "resolved": "https://registry.npmjs.org/@pixi/runner/-/runner-7.3.1.tgz",
      "integrity": "sha512-N0mQCSwX9jmG63ALy85b0fLXXFu8XS9jUnzhz7T6cA3gGtAtVHBhc5Vh5ZJfFB/FhCQmeTg48PEL6t2Ea3Ogjg==",
      "dev": true
    },
    "node_modules/@pixi/settings": {
      "version": "7.3.1",
      "resolved": "https://registry.npmjs.org/@pixi/settings/-/settings-7.3.1.tgz",
      "integrity": "sha512-bC2MdSW7Jg1vT4tUy0zvlottuylGhsHfuy22ZEvQHiwk9dy0y8gC7H98my8bMjnUQNWFpfamhmVGxoMM/K95FQ==",
      "dev": true,
      "dependencies": {
        "@pixi/constants": "7.3.1",
        "@types/css-font-loading-module": "^0.0.7",
        "ismobilejs": "^1.1.0"
      }
    },
    "node_modules/@pixi/sprite": {
      "version": "7.3.1",
      "resolved": "https://registry.npmjs.org/@pixi/sprite/-/sprite-7.3.1.tgz",
      "integrity": "sha512-hSyrzcrNpGiDwc5BVnCfCMkA2Ikx+RBIXyi/Q9K6L0I2gZR8iHUWiQUJKC4jnhDVvvVcQADqiAyIBslXYQLLDw==",
      "dev": true,
      "peerDependencies": {
        "@pixi/core": "7.3.1",
        "@pixi/display": "7.3.1"
      }
    },
    "node_modules/@pixi/sprite-animated": {
      "version": "7.3.1",
      "resolved": "https://registry.npmjs.org/@pixi/sprite-animated/-/sprite-animated-7.3.1.tgz",
      "integrity": "sha512-adAs9ZRss6ioaGqmSYvjR2b+rfaC+hPwqNGyA1TwqKmgxS5c5pSPMWgiNYRRKPS7qss5T0KOWjfcHxdBHM62mg==",
      "dev": true,
      "peerDependencies": {
        "@pixi/core": "7.3.1",
        "@pixi/sprite": "7.3.1"
      }
    },
    "node_modules/@pixi/sprite-tiling": {
      "version": "7.3.1",
      "resolved": "https://registry.npmjs.org/@pixi/sprite-tiling/-/sprite-tiling-7.3.1.tgz",
      "integrity": "sha512-/A739b3TNncoAOqrJcy8wKa2O/aa17luAvMUrYOO3ZLsj0lqIj3lMCjNqlBsfftctAwQlmc6dM8radyeyzIsNQ==",
      "dev": true,
      "peerDependencies": {
        "@pixi/core": "7.3.1",
        "@pixi/display": "7.3.1",
        "@pixi/sprite": "7.3.1"
      }
    },
    "node_modules/@pixi/spritesheet": {
      "version": "7.3.1",
      "resolved": "https://registry.npmjs.org/@pixi/spritesheet/-/spritesheet-7.3.1.tgz",
      "integrity": "sha512-wsCTmUnQSUp+BMrDcGERzvqdoRImNqUNXV2mj+HZyfN2ZN/kyqCxwdWhq2TrbZiAOW6PsASn8516Cei7ECJp7w==",
      "dev": true,
      "peerDependencies": {
        "@pixi/assets": "7.3.1",
        "@pixi/core": "7.3.1"
      }
    },
    "node_modules/@pixi/text": {
      "version": "7.3.1",
      "resolved": "https://registry.npmjs.org/@pixi/text/-/text-7.3.1.tgz",
      "integrity": "sha512-73KB83+fZSww2LXXofJHLgOuNwk/8h0hir5shL8vdae8bgupv4VAw9wOG15WeSZdXoa7fU1owWyDM3RWLTmv+Q==",
      "dev": true,
      "peerDependencies": {
        "@pixi/core": "7.3.1",
        "@pixi/sprite": "7.3.1"
      }
    },
    "node_modules/@pixi/text-bitmap": {
      "version": "7.3.1",
      "resolved": "https://registry.npmjs.org/@pixi/text-bitmap/-/text-bitmap-7.3.1.tgz",
      "integrity": "sha512-sc/eoV/OOJh81/GKqIXfuUexQ0EbP2ggPvGQghaC/VyUbOAwlSMUmNmXlY68KzPX9JasIDCFyv07Utnkmona7g==",
      "dev": true,
      "peerDependencies": {
        "@pixi/assets": "7.3.1",
        "@pixi/core": "7.3.1",
        "@pixi/display": "7.3.1",
        "@pixi/mesh": "7.3.1",
        "@pixi/text": "7.3.1"
      }
    },
    "node_modules/@pixi/text-html": {
      "version": "7.3.1",
      "resolved": "https://registry.npmjs.org/@pixi/text-html/-/text-html-7.3.1.tgz",
      "integrity": "sha512-Yo96c/fM7eSUdovZInTl/LkI44y2s2vfdkpnPjHU6ohIFJ4cAf4ok2CjBpAMExvJG8f4lvTkDRqECuRUD0DUnA==",
      "dev": true,
      "peerDependencies": {
        "@pixi/core": "7.3.1",
        "@pixi/display": "7.3.1",
        "@pixi/sprite": "7.3.1",
        "@pixi/text": "7.3.1"
      }
    },
    "node_modules/@pixi/ticker": {
      "version": "7.3.1",
      "resolved": "https://registry.npmjs.org/@pixi/ticker/-/ticker-7.3.1.tgz",
      "integrity": "sha512-S4ur5MQgVM0yTeJVALbRA3WkX/df/6DG6XXVoR9JaFOQ3zgXhh05O+0NFFebj4b3Ls3/y5aG6aOkkoBl1AXrCw==",
      "dev": true,
      "dependencies": {
        "@pixi/extensions": "7.3.1",
        "@pixi/settings": "7.3.1",
        "@pixi/utils": "7.3.1"
      }
    },
    "node_modules/@pixi/utils": {
      "version": "7.3.1",
      "resolved": "https://registry.npmjs.org/@pixi/utils/-/utils-7.3.1.tgz",
      "integrity": "sha512-VSWebpMwOfoVuzjd0XlntmQK0RXP1UuRx1jyRuq0m/9VNnnNsZMXpmi47Adb7N1RFmlQ2FFxDxLzxmCzm9ZfTA==",
      "dev": true,
      "dependencies": {
        "@pixi/color": "7.3.1",
        "@pixi/constants": "7.3.1",
        "@pixi/settings": "7.3.1",
        "@types/earcut": "^2.1.0",
        "earcut": "^2.2.4",
        "eventemitter3": "^4.0.0",
        "url": "^0.11.0"
      }
    },
    "node_modules/@pixi/utils/node_modules/eventemitter3": {
      "version": "4.0.7",
      "resolved": "https://registry.npmjs.org/eventemitter3/-/eventemitter3-4.0.7.tgz",
      "integrity": "sha512-8guHBZCwKnFhYdHr2ysuRWErTwhoN2X8XELRlrRwpmfeY2jjuUN4taQMsULKUVo1K4DvZl+0pgfyoysHxvmvEw==",
      "dev": true
    },
    "node_modules/@types/css-font-loading-module": {
      "version": "0.0.7",
      "resolved": "https://registry.npmjs.org/@types/css-font-loading-module/-/css-font-loading-module-0.0.7.tgz",
      "integrity": "sha512-nl09VhutdjINdWyXxHWN/w9zlNCfr60JUqJbd24YXUuCwgeL0TpFSdElCwb6cxfB6ybE19Gjj4g0jsgkXxKv1Q==",
      "dev": true
    },
    "node_modules/@types/earcut": {
      "version": "2.1.2",
      "resolved": "https://registry.npmjs.org/@types/earcut/-/earcut-2.1.2.tgz",
      "integrity": "sha512-EU6fwVNP1TGVTkCILfURtzzwJq/ie5LgipELnzCINgm4VdDIkkbB8wnLSe81J77Bbqf4MiO3sJGhWzc6MCp5dQ==",
      "dev": true
    },
    "node_modules/@types/offscreencanvas": {
      "version": "2019.7.1",
      "resolved": "https://registry.npmjs.org/@types/offscreencanvas/-/offscreencanvas-2019.7.1.tgz",
      "integrity": "sha512-+HSrJgjBW77ALieQdMJvXhRZUIRN1597L+BKvsyeiIlHHERnqjcuOLyodK3auJ3Y3zRezNKtKAhuQWYJfEgFHQ==",
      "dev": true
    },
    "node_modules/base64-js": {
      "version": "1.5.1",
      "resolved": "https://registry.npmjs.org/base64-js/-/base64-js-1.5.1.tgz",
      "integrity": "sha512-AKpaYlHn8t4SVbOHCy+b5+KKgvR4vrsD8vbvrbiQJps7fKDTkjkDry6ji0rUJjC0kzbNePLwzxq8iypo41qeWA==",
      "dev": true,
      "funding": [
        {
          "type": "github",
          "url": "https://github.com/sponsors/feross"
        },
        {
          "type": "patreon",
          "url": "https://www.patreon.com/feross"
        },
        {
          "type": "consulting",
          "url": "https://feross.org/support"
        }
      ]
    },
    "node_modules/buffer": {
      "version": "6.0.3",
      "resolved": "https://registry.npmjs.org/buffer/-/buffer-6.0.3.tgz",
      "integrity": "sha512-FTiCpNxtwiZZHEZbcbTIcZjERVICn9yq/pDFkTl95/AxzD1naBctN7YO68riM/gLSDY7sdrMby8hofADYuuqOA==",
      "dev": true,
      "funding": [
        {
          "type": "github",
          "url": "https://github.com/sponsors/feross"
        },
        {
          "type": "patreon",
          "url": "https://www.patreon.com/feross"
        },
        {
          "type": "consulting",
          "url": "https://feross.org/support"
        }
      ],
      "dependencies": {
        "base64-js": "^1.3.1",
        "ieee754": "^1.2.1"
      }
    },
    "node_modules/call-bind": {
      "version": "1.0.2",
      "resolved": "https://registry.npmjs.org/call-bind/-/call-bind-1.0.2.tgz",
      "integrity": "sha512-7O+FbCihrB5WGbFYesctwmTKae6rOiIzmz1icreWJ+0aA7LJfuqhEso2T9ncpcFtzMQtzXf2QGGueWJGTYsqrA==",
      "dev": true,
      "dependencies": {
        "function-bind": "^1.1.1",
        "get-intrinsic": "^1.0.2"
      },
      "funding": {
        "url": "https://github.com/sponsors/ljharb"
      }
    },
    "node_modules/earcut": {
      "version": "2.2.4",
      "resolved": "https://registry.npmjs.org/earcut/-/earcut-2.2.4.tgz",
      "integrity": "sha512-/pjZsA1b4RPHbeWZQn66SWS8nZZWLQQ23oE3Eam7aroEFGEvwKAsJfZ9ytiEMycfzXWpca4FA9QIOehf7PocBQ==",
      "dev": true
    },
    "node_modules/eventemitter3": {
      "version": "5.0.1",
      "resolved": "https://registry.npmjs.org/eventemitter3/-/eventemitter3-5.0.1.tgz",
      "integrity": "sha512-GWkBvjiSZK87ELrYOSESUYeVIc9mvLLf/nXalMOS5dYrgZq9o5OVkbZAVM06CVxYsCwH9BDZFPlQTlPA1j4ahA==",
      "dev": true
    },
    "node_modules/fast-deep-equal": {
      "version": "3.1.3",
      "resolved": "https://registry.npmjs.org/fast-deep-equal/-/fast-deep-equal-3.1.3.tgz",
      "integrity": "sha512-f3qQ9oQy9j2AhBe/H9VC91wLmKBCCU/gDOnKNAYG5hswO7BLKj09Hc5HYNz9cGI++xlpDCIgDaitVs03ATR84Q==",
      "dev": true
    },
    "node_modules/function-bind": {
      "version": "1.1.2",
      "resolved": "https://registry.npmjs.org/function-bind/-/function-bind-1.1.2.tgz",
      "integrity": "sha512-7XHNxH7qX9xG5mIwxkhumTox/MIRNcOgDrxWsMt2pAr23WHp6MrRlN7FBSFpCpr+oVO0F744iUgR82nJMfG2SA==",
      "dev": true,
      "funding": {
        "url": "https://github.com/sponsors/ljharb"
      }
    },
    "node_modules/get-intrinsic": {
      "version": "1.2.1",
      "resolved": "https://registry.npmjs.org/get-intrinsic/-/get-intrinsic-1.2.1.tgz",
      "integrity": "sha512-2DcsyfABl+gVHEfCOaTrWgyt+tb6MSEGmKq+kI5HwLbIYgjgmMcV8KQ41uaKz1xxUcn9tJtgFbQUEVcEbd0FYw==",
      "dev": true,
      "dependencies": {
        "function-bind": "^1.1.1",
        "has": "^1.0.3",
        "has-proto": "^1.0.1",
        "has-symbols": "^1.0.3"
      },
      "funding": {
        "url": "https://github.com/sponsors/ljharb"
      }
    },
    "node_modules/has": {
      "version": "1.0.4",
      "resolved": "https://registry.npmjs.org/has/-/has-1.0.4.tgz",
      "integrity": "sha512-qdSAmqLF6209RFj4VVItywPMbm3vWylknmB3nvNiUIs72xAimcM8nVYxYr7ncvZq5qzk9MKIZR8ijqD/1QuYjQ==",
      "dev": true,
      "engines": {
        "node": ">= 0.4.0"
      }
    },
    "node_modules/has-proto": {
      "version": "1.0.1",
      "resolved": "https://registry.npmjs.org/has-proto/-/has-proto-1.0.1.tgz",
      "integrity": "sha512-7qE+iP+O+bgF9clE5+UoBFzE65mlBiVj3tKCrlNQ0Ogwm0BjpT/gK4SlLYDMybDh5I3TCTKnPPa0oMG7JDYrhg==",
      "dev": true,
      "engines": {
        "node": ">= 0.4"
      },
      "funding": {
        "url": "https://github.com/sponsors/ljharb"
      }
    },
    "node_modules/has-symbols": {
      "version": "1.0.3",
      "resolved": "https://registry.npmjs.org/has-symbols/-/has-symbols-1.0.3.tgz",
      "integrity": "sha512-l3LCuF6MgDNwTDKkdYGEihYjt5pRPbEg46rtlmnSPlUbgmB8LOIrKJbYYFBSbnPaJexMKtiPO8hmeRjRz2Td+A==",
      "dev": true,
      "engines": {
        "node": ">= 0.4"
      },
      "funding": {
        "url": "https://github.com/sponsors/ljharb"
      }
    },
    "node_modules/ieee754": {
      "version": "1.2.1",
      "resolved": "https://registry.npmjs.org/ieee754/-/ieee754-1.2.1.tgz",
      "integrity": "sha512-dcyqhDvX1C46lXZcVqCpK+FtMRQVdIMN6/Df5js2zouUsqG7I6sFxitIC+7KYK29KdXOLHdu9zL4sFnoVQnqaA==",
      "dev": true,
      "funding": [
        {
          "type": "github",
          "url": "https://github.com/sponsors/feross"
        },
        {
          "type": "patreon",
          "url": "https://www.patreon.com/feross"
        },
        {
          "type": "consulting",
          "url": "https://feross.org/support"
        }
      ]
    },
    "node_modules/ismobilejs": {
      "version": "1.1.1",
      "resolved": "https://registry.npmjs.org/ismobilejs/-/ismobilejs-1.1.1.tgz",
      "integrity": "sha512-VaFW53yt8QO61k2WJui0dHf4SlL8lxBofUuUmwBo0ljPk0Drz2TiuDW4jo3wDcv41qy/SxrJ+VAzJ/qYqsmzRw==",
      "dev": true
    },
    "node_modules/matter-js": {
      "version": "0.19.0",
      "resolved": "https://registry.npmjs.org/matter-js/-/matter-js-0.19.0.tgz",
      "integrity": "sha512-v2huwvQGOHTGOkMqtHd2hercCG3f6QAObTisPPHg8TZqq2lz7eIY/5i/5YUV8Ibf3mEioFEmwibcPUF2/fnKKQ==",
      "dev": true
    },
    "node_modules/object-inspect": {
      "version": "1.13.0",
      "resolved": "https://registry.npmjs.org/object-inspect/-/object-inspect-1.13.0.tgz",
      "integrity": "sha512-HQ4J+ic8hKrgIt3mqk6cVOVrW2ozL4KdvHlqpBv9vDYWx9ysAgENAdvy4FoGF+KFdhR7nQTNm5J0ctAeOwn+3g==",
      "dev": true,
      "funding": {
        "url": "https://github.com/sponsors/ljharb"
      }
    },
    "node_modules/pako": {
      "version": "2.1.0",
      "resolved": "https://registry.npmjs.org/pako/-/pako-2.1.0.tgz",
      "integrity": "sha512-w+eufiZ1WuJYgPXbV/PO3NCMEc3xqylkKHzp8bxp1uW4qaSNQUkwmLLEc3kKsfz8lpV1F8Ht3U1Cm+9Srog2ug==",
      "dev": true
    },
    "node_modules/pixi.js": {
      "version": "7.3.1",
      "resolved": "https://registry.npmjs.org/pixi.js/-/pixi.js-7.3.1.tgz",
      "integrity": "sha512-BFuEOsNimxjLq/Bo16JiXBr/EKXp13z/NXdyMasRcZumCHDUdrKvTEFaUfrkFat6ZghgrWyHnREzK3b+F6OX0Q==",
      "dev": true,
      "dependencies": {
        "@pixi/accessibility": "7.3.1",
        "@pixi/app": "7.3.1",
        "@pixi/assets": "7.3.1",
        "@pixi/compressed-textures": "7.3.1",
        "@pixi/core": "7.3.1",
        "@pixi/display": "7.3.1",
        "@pixi/events": "7.3.1",
        "@pixi/extensions": "7.3.1",
        "@pixi/extract": "7.3.1",
        "@pixi/filter-alpha": "7.3.1",
        "@pixi/filter-blur": "7.3.1",
        "@pixi/filter-color-matrix": "7.3.1",
        "@pixi/filter-displacement": "7.3.1",
        "@pixi/filter-fxaa": "7.3.1",
        "@pixi/filter-noise": "7.3.1",
        "@pixi/graphics": "7.3.1",
        "@pixi/mesh": "7.3.1",
        "@pixi/mesh-extras": "7.3.1",
        "@pixi/mixin-cache-as-bitmap": "7.3.1",
        "@pixi/mixin-get-child-by-name": "7.3.1",
        "@pixi/mixin-get-global-position": "7.3.1",
        "@pixi/particle-container": "7.3.1",
        "@pixi/prepare": "7.3.1",
        "@pixi/sprite": "7.3.1",
        "@pixi/sprite-animated": "7.3.1",
        "@pixi/sprite-tiling": "7.3.1",
        "@pixi/spritesheet": "7.3.1",
        "@pixi/text": "7.3.1",
        "@pixi/text-bitmap": "7.3.1",
        "@pixi/text-html": "7.3.1"
      },
      "funding": {
        "type": "opencollective",
        "url": "https://opencollective.com/pixijs"
      }
    },
    "node_modules/poly-decomp-es": {
      "version": "0.4.2",
      "resolved": "https://registry.npmjs.org/poly-decomp-es/-/poly-decomp-es-0.4.2.tgz",
      "integrity": "sha512-akjZkaTeyfECMNkMqv0g9gFiU2HjpZ5ubJA/aczw1ILdgWQbv1OPwCi05/9JbY2GnGpjm9k85Jdbd/j/p/lg/g==",
      "dev": true
    },
    "node_modules/prettier": {
      "version": "3.0.3",
      "resolved": "https://registry.npmjs.org/prettier/-/prettier-3.0.3.tgz",
      "integrity": "sha512-L/4pUDMxcNa8R/EthV08Zt42WBO4h1rarVtK0K+QJG0X187OLo7l699jWw0GKuwzkPQ//jMFA/8Xm6Fh3J/DAg==",
      "dev": true,
      "bin": {
        "prettier": "bin/prettier.cjs"
      },
      "engines": {
        "node": ">=14"
      },
      "funding": {
        "url": "https://github.com/prettier/prettier?sponsor=1"
      }
    },
    "node_modules/punycode": {
      "version": "1.4.1",
      "resolved": "https://registry.npmjs.org/punycode/-/punycode-1.4.1.tgz",
      "integrity": "sha512-jmYNElW7yvO7TV33CjSmvSiE2yco3bV2czu/OzDKdMNVZQWfxCblURLhf+47syQRBntjfLdd/H0egrzIG+oaFQ==",
      "dev": true
    },
    "node_modules/qs": {
      "version": "6.11.2",
      "resolved": "https://registry.npmjs.org/qs/-/qs-6.11.2.tgz",
      "integrity": "sha512-tDNIz22aBzCDxLtVH++VnTfzxlfeK5CbqohpSqpJgj1Wg/cQbStNAz3NuqCs5vV+pjBsK4x4pN9HlVh7rcYRiA==",
      "dev": true,
      "dependencies": {
        "side-channel": "^1.0.4"
      },
      "engines": {
        "node": ">=0.6"
      },
      "funding": {
        "url": "https://github.com/sponsors/ljharb"
      }
    },
    "node_modules/side-channel": {
      "version": "1.0.4",
      "resolved": "https://registry.npmjs.org/side-channel/-/side-channel-1.0.4.tgz",
      "integrity": "sha512-q5XPytqFEIKHkGdiMIrY10mvLRvnQh42/+GoBlFW3b2LXLE2xxJpZFdm94we0BaoV3RwJyGqg5wS7epxTv0Zvw==",
      "dev": true,
      "dependencies": {
        "call-bind": "^1.0.0",
        "get-intrinsic": "^1.0.2",
        "object-inspect": "^1.9.0"
      },
      "funding": {
        "url": "https://github.com/sponsors/ljharb"
      }
    },
    "node_modules/type-fest": {
      "version": "4.4.0",
      "resolved": "https://registry.npmjs.org/type-fest/-/type-fest-4.4.0.tgz",
      "integrity": "sha512-HT3RRs7sTfY22KuPQJkD/XjbTbxgP2Je5HPt6H6JEGvcjHd5Lqru75EbrP3tb4FYjNJ+DjLp+MNQTFQU0mhXNw==",
      "dev": true,
      "engines": {
        "node": ">=16"
      },
      "funding": {
        "url": "https://github.com/sponsors/sindresorhus"
      }
    },
    "node_modules/url": {
      "version": "0.11.3",
      "resolved": "https://registry.npmjs.org/url/-/url-0.11.3.tgz",
      "integrity": "sha512-6hxOLGfZASQK/cijlZnZJTq8OXAkt/3YGfQX45vvMYXpZoo8NdWZcY73K108Jf759lS1Bv/8wXnHDTSz17dSRw==",
      "dev": true,
      "dependencies": {
        "punycode": "^1.4.1",
        "qs": "^6.11.2"
      }
    },
    "node_modules/zod": {
      "version": "3.22.4",
      "resolved": "https://registry.npmjs.org/zod/-/zod-3.22.4.tgz",
      "integrity": "sha512-iC+8Io04lddc+mVqQ9AZ7OQ2MrUKGN+oIQyq1vemgt46jwCwLfhq7/pwnBnNXXXZb8VTVLKwp9EDkx+ryxIWmg==",
      "dev": true,
      "funding": {
        "url": "https://github.com/sponsors/colinhacks"
      }
    }
  }
}
