{
  "version": "3",
  "redirects": {
    "https://esm.sh/v128/@types/react@~18.2/jsx-runtime~.d.ts": "https://esm.sh/v128/@types/react@18.2.38/jsx-runtime~.d.ts"
  },
  "remote": {},
  "workspace": {
    "dependencies": [
      "npm:@dreamlab.gg/core@0.0.82-dev-4d25caa",
      "npm:@dreamlab.gg/ui@0.0.6-dev-07c8472",
      "npm:matter-js@0.19.0",
      "npm:pixi.js@7.4.0"
    ]
  }
}
